<?xml version="1.0" encoding="utf-8"?>
<Project ToolsVersion="4.0" xmlns="http://schemas.microsoft.com/developer/msbuild/2003">
  <ItemGroup>
    <Filter Include="Source Files">
      <UniqueIdentifier>{e28da440-6537-4c21-b99b-d3ebcff513ab}</UniqueIdentifier>
      <Extensions>cpp;c;cxx;rc;def;r;odl;idl;hpj;bat</Extensions>
    </Filter>
    <Filter Include="Header Files">
      <UniqueIdentifier>{379b26db-c8fc-4bf5-8145-bc36536b8392}</UniqueIdentifier>
      <Extensions>h;hpp;hxx;hm;inl</Extensions>
    </Filter>
    <Filter Include="Resource Files">
      <UniqueIdentifier>{bbf6dce2-7056-45bb-90ad-ffb454cf5e33}</UniqueIdentifier>
      <Extensions>ico;cur;bmp;dlg;rc2;rct;bin;rgs;gif;jpg;jpeg;jpe</Extensions>
    </Filter>
  </ItemGroup>
  <ItemGroup>
    <ClCompile Include="cfid3lib.cpp">
      <Filter>Source Files</Filter>
    </ClCompile>
    <ClCompile Include="ColorStatic.cpp">
      <Filter>Source Files</Filter>
    </ClCompile>
    <ClCompile Include="ControlPos.cpp">
      <Filter>Source Files</Filter>
    </ClCompile>
    <ClCompile Include="CShellFileOp.cpp">
      <Filter>Source Files</Filter>
    </ClCompile>
    <ClCompile Include="DirectoryPropPage.cpp">
      <Filter>Source Files</Filter>
    </ClCompile>
    <ClCompile Include="DirFormatParse.cpp">
      <Filter>Source Files</Filter>
    </ClCompile>
    <ClCompile Include="ErrorStatus.cpp">
      <Filter>Source Files</Filter>
    </ClCompile>
    <ClCompile Include="FilenamePropPage.cpp">
      <Filter>Source Files</Filter>
    </ClCompile>
    <ClCompile Include="FilerenamePropPage.cpp">
      <Filter>Source Files</Filter>
    </ClCompile>
    <ClCompile Include="FormatParse.cpp">
      <Filter>Source Files</Filter>
    </ClCompile>
    <ClCompile Include="FormatPropSheet.cpp">
      <Filter>Source Files</Filter>
    </ClCompile>
    <ClCompile Include="ID3v1ListDlg.cpp">
      <Filter>Source Files</Filter>
    </ClCompile>
    <ClCompile Include="ID3V1Page.cpp">
      <Filter>Source Files</Filter>
    </ClCompile>
    <ClCompile Include="ID3v2ListDlg.cpp">
      <Filter>Source Files</Filter>
    </ClCompile>
    <ClCompile Include="ID3V2Page.cpp">
      <Filter>Source Files</Filter>
    </ClCompile>
    <ClCompile Include="LyricsPage.cpp">
      <Filter>Source Files</Filter>
    </ClCompile>
    <ClCompile Include="massid3lib1.cpp">
      <Filter>Source Files</Filter>
    </ClCompile>
    <ClCompile Include="mp3tagtools.cpp">
      <Filter>Source Files</Filter>
    </ClCompile>
    <ClCompile Include="mp3tagtoolsDlg.cpp">
      <Filter>Source Files</Filter>
    </ClCompile>
    <ClCompile Include="MpeginfoDlg.cpp">
      <Filter>Source Files</Filter>
    </ClCompile>
    <ClCompile Include="MpgHeader.cpp">
      <Filter>Source Files</Filter>
    </ClCompile>
    <ClCompile Include="OpenDlg.cpp">
      <Filter>Source Files</Filter>
    </ClCompile>
    <ClCompile Include="ParsedDirFormat.cpp">
      <Filter>Source Files</Filter>
    </ClCompile>
    <ClCompile Include="ParsedFormat.cpp">
      <Filter>Source Files</Filter>
    </ClCompile>
    <ClCompile Include="PictCtrl.cpp">
      <Filter>Source Files</Filter>
    </ClCompile>
    <ClCompile Include="Picture.cpp">
      <Filter>Source Files</Filter>
    </ClCompile>
    <ClCompile Include="PicturePage.cpp">
      <Filter>Source Files</Filter>
    </ClCompile>
    <ClCompile Include="PrefsColorPage.cpp">
      <Filter>Source Files</Filter>
    </ClCompile>
    <ClCompile Include="PrefsCopyTagsPage.cpp">
      <Filter>Source Files</Filter>
    </ClCompile>
    <ClCompile Include="PrefsCorrectCasePage.cpp">
      <Filter>Source Files</Filter>
    </ClCompile>
    <ClCompile Include="PrefsID3V1ExportPage.cpp">
      <Filter>Source Files</Filter>
    </ClCompile>
    <ClCompile Include="PrefsID3V1HidePage.cpp">
      <Filter>Source Files</Filter>
    </ClCompile>
    <ClCompile Include="PrefsID3V2ExportPage.cpp">
      <Filter>Source Files</Filter>
    </ClCompile>
    <ClCompile Include="PrefsID3V2HidePage.cpp">
      <Filter>Source Files</Filter>
    </ClCompile>
    <ClCompile Include="PrefsMiscPage.cpp">
      <Filter>Source Files</Filter>
    </ClCompile>
    <ClCompile Include="PrefsPage1.cpp">
      <Filter>Source Files</Filter>
    </ClCompile>
    <ClCompile Include="PrefsPage2.cpp">
      <Filter>Source Files</Filter>
    </ClCompile>
    <ClCompile Include="SAPrefsDialog.cpp">
      <Filter>Source Files</Filter>
    </ClCompile>
    <ClCompile Include="SAPrefsStatic.cpp">
      <Filter>Source Files</Filter>
    </ClCompile>
    <ClCompile Include="SAPrefsSubDlg.cpp">
      <Filter>Source Files</Filter>
    </ClCompile>
    <ClCompile Include="StatLink.cpp">
      <Filter>Source Files</Filter>
    </ClCompile>
    <ClCompile Include="StdAfx.cpp">
      <Filter>Source Files</Filter>
    </ClCompile>
  </ItemGroup>
  <ItemGroup>
    <ResourceCompile Include="mp3tagtools.rc">
      <Filter>Source Files</Filter>
    </ResourceCompile>
  </ItemGroup>
  <ItemGroup>
    <ClInclude Include="cfid3lib.h">
      <Filter>Header Files</Filter>
    </ClInclude>
    <ClInclude Include="ColorStatic.h">
      <Filter>Header Files</Filter>
    </ClInclude>
    <ClInclude Include="ControlPos.h">
      <Filter>Header Files</Filter>
    </ClInclude>
    <ClInclude Include="CShellFileOp.h">
      <Filter>Header Files</Filter>
    </ClInclude>
    <ClInclude Include="DirectoryPropPage.h">
      <Filter>Header Files</Filter>
    </ClInclude>
    <ClInclude Include="DirFormatParse.h">
      <Filter>Header Files</Filter>
    </ClInclude>
    <ClInclude Include="ErrorStatus.h">
      <Filter>Header Files</Filter>
    </ClInclude>
    <ClInclude Include="FilenamePropPage.h">
      <Filter>Header Files</Filter>
    </ClInclude>
    <ClInclude Include="FilerenamePropPage.h">
      <Filter>Header Files</Filter>
    </ClInclude>
    <ClInclude Include="FormatParse.h">
      <Filter>Header Files</Filter>
    </ClInclude>
    <ClInclude Include="FormatPropSheet.h">
      <Filter>Header Files</Filter>
    </ClInclude>
    <ClInclude Include="ID3v1ListDlg.h">
      <Filter>Header Files</Filter>
    </ClInclude>
    <ClInclude Include="ID3V1Page.h">
      <Filter>Header Files</Filter>
    </ClInclude>
    <ClInclude Include="ID3v2ListDlg.h">
      <Filter>Header Files</Filter>
    </ClInclude>
    <ClInclude Include="ID3V2Page.h">
      <Filter>Header Files</Filter>
    </ClInclude>
    <ClInclude Include="LyricsPage.h">
      <Filter>Header Files</Filter>
    </ClInclude>
    <ClInclude Include="massid3lib1.h">
      <Filter>Header Files</Filter>
    </ClInclude>
    <ClInclude Include="mp3tagtools.h">
      <Filter>Header Files</Filter>
    </ClInclude>
    <ClInclude Include="mp3tagtoolsDlg.h">
      <Filter>Header Files</Filter>
    </ClInclude>
    <ClInclude Include="MpeginfoDlg.h">
      <Filter>Header Files</Filter>
    </ClInclude>
    <ClInclude Include="MpgHeader.h">
      <Filter>Header Files</Filter>
    </ClInclude>
    <ClInclude Include="ParsedDirFormat.h">
      <Filter>Header Files</Filter>
    </ClInclude>
    <ClInclude Include="ParsedFormat.h">
      <Filter>Header Files</Filter>
    </ClInclude>
    <ClInclude Include="PictCtrl.h">
      <Filter>Header Files</Filter>
    </ClInclude>
    <ClInclude Include="PicturePage.h">
      <Filter>Header Files</Filter>
    </ClInclude>
    <ClInclude Include="PrefsColorPage.h">
      <Filter>Header Files</Filter>
    </ClInclude>
    <ClInclude Include="PrefsCopyTagsPage.h">
      <Filter>Header Files</Filter>
    </ClInclude>
    <ClInclude Include="PrefsCorrectCasePage.h">
      <Filter>Header Files</Filter>
    </ClInclude>
    <ClInclude Include="PrefsID3V1ExportPage.h">
      <Filter>Header Files</Filter>
    </ClInclude>
    <ClInclude Include="PrefsID3V1HidePage.h">
      <Filter>Header Files</Filter>
    </ClInclude>
    <ClInclude Include="PrefsID3V2ExportPage.h">
      <Filter>Header Files</Filter>
    </ClInclude>
    <ClInclude Include="PrefsID3V2HidePage.h">
      <Filter>Header Files</Filter>
    </ClInclude>
    <ClInclude Include="PrefsMiscPage.h">
      <Filter>Header Files</Filter>
    </ClInclude>
    <ClInclude Include="PrefsPage1.h">
      <Filter>Header Files</Filter>
    </ClInclude>
    <ClInclude Include="PrefsPage2.h">
      <Filter>Header Files</Filter>
    </ClInclude>
    <ClInclude Include="Resource.h">
      <Filter>Header Files</Filter>
    </ClInclude>
    <ClInclude Include="SAPrefsDialog.h">
      <Filter>Header Files</Filter>
    </ClInclude>
    <ClInclude Include="SAPrefsStatic.h">
      <Filter>Header Files</Filter>
    </ClInclude>
    <ClInclude Include="SAPrefsSubDlg.h">
      <Filter>Header Files</Filter>
    </ClInclude>
    <ClInclude Include="StdAfx.h">
      <Filter>Header Files</Filter>
    </ClInclude>
    <ClInclude Include="structFilePathData.h">
      <Filter>Header Files</Filter>
    </ClInclude>
    <ClInclude Include="structID3.h">
      <Filter>Header Files</Filter>
    </ClInclude>
    <ClInclude Include="structID3v2x.h">
      <Filter>Header Files</Filter>
    </ClInclude>
    <ClInclude Include="structszMpgHeader.h">
      <Filter>Header Files</Filter>
    </ClInclude>
  </ItemGroup>
  <ItemGroup>
    <Image Include="res\blank.jpg">
      <Filter>Resource Files</Filter>
    </Image>
    <Image Include="res\mp3tagtools.ico">
      <Filter>Resource Files</Filter>
    </Image>
  </ItemGroup>
  <ItemGroup>
    <Text Include="ReadMe.txt" />
  </ItemGroup>
  <ItemGroup>
    <CustomBuild Include="res\mp3tagtools.rc2">
      <Filter>Resource Files</Filter>
    </CustomBuild>
  </ItemGroup>
</Project>