
Microsoft Visual Studio Solution File, Format Version 12.00
# Visual Studio 2013
VisualStudioVersion = 12.0.31101.0
MinimumVisualStudioVersion = 10.0.40219.1
Project("{8BC9CEB8-8B4A-11D0-8D11-00A0C91BC942}") = "mp3tagtools", "mp3tagtools.vcxproj", "{64796DFF-1D85-4B43-8B0E-D47E6FDDF65C}"
	ProjectSection(ProjectDependencies) = postProject
		{59C56E58-7DD3-4DD7-A5E9-15F70F7265B2} = {59C56E58-7DD3-4DD7-A5E9-15F70F7265B2}
		{A961F774-464C-45FF-97A7-0EA0FD048F9E} = {A961F774-464C-45FF-97A7-0EA0FD048F9E}
	EndProjectSection
EndProject
Project("{8BC9CEB8-8B4A-11D0-8D11-00A0C91BC942}") = "id3lib", "id3lib-3.8.3\libprj\id3lib.vcxproj", "{59C56E58-7DD3-4DD7-A5E9-15F70F7265B2}"
	ProjectSection(ProjectDependencies) = postProject
		{A961F774-464C-45FF-97A7-0EA0FD048F9E} = {A961F774-464C-45FF-97A7-0EA0FD048F9E}
	EndProjectSection
EndProject
Project("{8BC9CEB8-8B4A-11D0-8D11-00A0C91BC942}") = "zlib", "id3lib-3.8.3\zlib\prj\zlib.vcxproj", "{A961F774-464C-45FF-97A7-0EA0FD048F9E}"
EndProject
Global
	GlobalSection(SolutionConfigurationPlatforms) = preSolution
		Debug|Win32 = Debug|Win32
		NASM Debug|Win32 = NASM Debug|Win32
		NASM Release|Win32 = NASM Release|Win32
		Release|Win32 = Release|Win32
		Template|Win32 = Template|Win32
	EndGlobalSection
	GlobalSection(ProjectConfigurationPlatforms) = postSolution
		{64796DFF-1D85-4B43-8B0E-D47E6FDDF65C}.Debug|Win32.ActiveCfg = Debug|Win32
		{64796DFF-1D85-4B43-8B0E-D47E6FDDF65C}.Debug|Win32.Build.0 = Debug|Win32
		{64796DFF-1D85-4B43-8B0E-D47E6FDDF65C}.NASM Debug|Win32.ActiveCfg = Debug|Win32
		{64796DFF-1D85-4B43-8B0E-D47E6FDDF65C}.NASM Debug|Win32.Build.0 = Debug|Win32
		{64796DFF-1D85-4B43-8B0E-D47E6FDDF65C}.NASM Release|Win32.ActiveCfg = Release|Win32
		{64796DFF-1D85-4B43-8B0E-D47E6FDDF65C}.NASM Release|Win32.Build.0 = Release|Win32
		{64796DFF-1D85-4B43-8B0E-D47E6FDDF65C}.Release|Win32.ActiveCfg = Release|Win32
		{64796DFF-1D85-4B43-8B0E-D47E6FDDF65C}.Release|Win32.Build.0 = Release|Win32
		{64796DFF-1D85-4B43-8B0E-D47E6FDDF65C}.Template|Win32.ActiveCfg = Release|Win32
		{64796DFF-1D85-4B43-8B0E-D47E6FDDF65C}.Template|Win32.Build.0 = Release|Win32
		{59C56E58-7DD3-4DD7-A5E9-15F70F7265B2}.Debug|Win32.ActiveCfg = Debug|Win32
		{59C56E58-7DD3-4DD7-A5E9-15F70F7265B2}.Debug|Win32.Build.0 = Debug|Win32
		{59C56E58-7DD3-4DD7-A5E9-15F70F7265B2}.NASM Debug|Win32.ActiveCfg = Debug|Win32
		{59C56E58-7DD3-4DD7-A5E9-15F70F7265B2}.NASM Debug|Win32.Build.0 = Debug|Win32
		{59C56E58-7DD3-4DD7-A5E9-15F70F7265B2}.NASM Release|Win32.ActiveCfg = Release|Win32
		{59C56E58-7DD3-4DD7-A5E9-15F70F7265B2}.NASM Release|Win32.Build.0 = Release|Win32
		{59C56E58-7DD3-4DD7-A5E9-15F70F7265B2}.Release|Win32.ActiveCfg = Release|Win32
		{59C56E58-7DD3-4DD7-A5E9-15F70F7265B2}.Release|Win32.Build.0 = Release|Win32
		{59C56E58-7DD3-4DD7-A5E9-15F70F7265B2}.Template|Win32.ActiveCfg = Template|Win32
		{59C56E58-7DD3-4DD7-A5E9-15F70F7265B2}.Template|Win32.Build.0 = Template|Win32
		{A961F774-464C-45FF-97A7-0EA0FD048F9E}.Debug|Win32.ActiveCfg = Debug|Win32
		{A961F774-464C-45FF-97A7-0EA0FD048F9E}.Debug|Win32.Build.0 = Debug|Win32
		{A961F774-464C-45FF-97A7-0EA0FD048F9E}.NASM Debug|Win32.ActiveCfg = NASM Debug|Win32
		{A961F774-464C-45FF-97A7-0EA0FD048F9E}.NASM Debug|Win32.Build.0 = NASM Debug|Win32
		{A961F774-464C-45FF-97A7-0EA0FD048F9E}.NASM Release|Win32.ActiveCfg = NASM Release|Win32
		{A961F774-464C-45FF-97A7-0EA0FD048F9E}.NASM Release|Win32.Build.0 = NASM Release|Win32
		{A961F774-464C-45FF-97A7-0EA0FD048F9E}.Release|Win32.ActiveCfg = Release|Win32
		{A961F774-464C-45FF-97A7-0EA0FD048F9E}.Release|Win32.Build.0 = Release|Win32
		{A961F774-464C-45FF-97A7-0EA0FD048F9E}.Template|Win32.ActiveCfg = Template|Win32
		{A961F774-464C-45FF-97A7-0EA0FD048F9E}.Template|Win32.Build.0 = Template|Win32
	EndGlobalSection
	GlobalSection(SolutionProperties) = preSolution
		HideSolutionNode = FALSE
	EndGlobalSection
EndGlobal
